
Microsoft Visual Studio Solution File, Format Version 12.00
# Visual Studio 15
VisualStudioVersion = 15.0.28010.2046
MinimumVisualStudioVersion = 10.0.40219.1
Project("{FAE04EC0-301F-11D3-BF4B-00C04F79EFBC}") = "HCF", "HCF\HCF.csproj", "{24BFCFE8-1B23-4B41-BCA0-B184B8C16525}"
EndProject
Global
	GlobalSection(SolutionConfigurationPlatforms) = preSolution
		Debug|Any CPU = Debug|Any CPU
		Release|Any CPU = Release|Any CPU
	EndGlobalSection
	GlobalSection(ProjectConfigurationPlatforms) = postSolution
		{24BFCFE8-1B23-4B41-BCA0-B184B8C16525}.Debug|Any CPU.ActiveCfg = Debug|Any CPU
		{24BFCFE8-1B23-4B41-BCA0-B184B8C16525}.Debug|Any CPU.Build.0 = Debug|Any CPU
		{24BFCFE8-1B23-4B41-BCA0-B184B8C16525}.Release|Any CPU.ActiveCfg = Release|Any CPU
		{24BFCFE8-1B23-4B41-BCA0-B184B8C16525}.Release|Any CPU.Build.0 = Release|Any CPU
	EndGlobalSection
	GlobalSection(SolutionProperties) = preSolution
		HideSolutionNode = FALSE
	EndGlobalSection
	GlobalSection(ExtensibilityGlobals) = postSolution
		SolutionGuid = {8D08ECE8-0A44-45B2-A31A-C585A88E5CC4}
	EndGlobalSection
EndGlobal
